
Microsoft Visual Studio Solution File, Format Version 12.00
# Visual Studio Version 16
VisualStudioVersion = 16.0.35826.135
MinimumVisualStudioVersion = 10.0.40219.1
Project("{FAE04EC0-301F-11D3-BF4B-00C04F79EFBC}") = "Nebula", "Nebula\Nebula.csproj", "{DE945E95-0868-4A7A-B65D-9C8E5A5B57A8}"
EndProject
Global
	GlobalSection(SolutionConfigurationPlatforms) = preSolution
		Debug|Any CPU = Debug|Any CPU
		Release|Any CPU = Release|Any CPU
	EndGlobalSection
	GlobalSection(ProjectConfigurationPlatforms) = postSolution
		{DE945E95-0868-4A7A-B65D-9C8E5A5B57A8}.Debug|Any CPU.ActiveCfg = Debug|Any CPU
		{DE945E95-0868-4A7A-B65D-9C8E5A5B57A8}.Debug|Any CPU.Build.0 = Debug|Any CPU
		{DE945E95-0868-4A7A-B65D-9C8E5A5B57A8}.Release|Any CPU.ActiveCfg = Release|Any CPU
		{DE945E95-0868-4A7A-B65D-9C8E5A5B57A8}.Release|Any CPU.Build.0 = Release|Any CPU
	EndGlobalSection
	GlobalSection(SolutionProperties) = preSolution
		HideSolutionNode = FALSE
	EndGlobalSection
	GlobalSection(ExtensibilityGlobals) = postSolution
		SolutionGuid = {E192E7D8-AE22-4F42-A2B9-00A3407C3EEC}
	EndGlobalSection
EndGlobal
